// !$*UTF8*$!
{
	archiveVersion = 1;
	classes = {
	};
	objectVersion = 50;
	objects = {

/* Begin PBXBuildFile section */
		591B2494210BB03A00B4045A /* DatabaseModel.xcdatamodeld in Sources */ = {isa = PBXBuildFile; fileRef = 591B2492210BB03A00B4045A /* DatabaseModel.xcdatamodeld */; };
		591B2498210BD4F600B4045A /* UIImageView+Extensions.swift in Sources */ = {isa = PBXBuildFile; fileRef = 591B2497210BD4F600B4045A /* UIImageView+Extensions.swift */; };
		591B249A210BDB2900B4045A /* DataController.swift in Sources */ = {isa = PBXBuildFile; fileRef = 591B2499210BDB2900B4045A /* DataController.swift */; };
		591B249C210BDD7800B4045A /* PinDatabase.swift in Sources */ = {isa = PBXBuildFile; fileRef = 591B249B210BDD7800B4045A /* PinDatabase.swift */; };
		591B249E210C109600B4045A /* Pin+Extensions.swift in Sources */ = {isa = PBXBuildFile; fileRef = 591B249D210C109600B4045A /* Pin+Extensions.swift */; };
		594A53912109530B00E52DD8 /* AppDelegate.swift in Sources */ = {isa = PBXBuildFile; fileRef = 594A53902109530B00E52DD8 /* AppDelegate.swift */; };
		594A53932109530B00E52DD8 /* MapPinsViewController.swift in Sources */ = {isa = PBXBuildFile; fileRef = 594A53922109530B00E52DD8 /* MapPinsViewController.swift */; };
		594A53962109530B00E52DD8 /* Main.storyboard in Resources */ = {isa = PBXBuildFile; fileRef = 594A53942109530B00E52DD8 /* Main.storyboard */; };
		594A53982109530C00E52DD8 /* Assets.xcassets in Resources */ = {isa = PBXBuildFile; fileRef = 594A53972109530C00E52DD8 /* Assets.xcassets */; };
		594A539B2109530C00E52DD8 /* LaunchScreen.storyboard in Resources */ = {isa = PBXBuildFile; fileRef = 594A53992109530C00E52DD8 /* LaunchScreen.storyboard */; };
		594A53A62109530C00E52DD8 /* udacity_nanodegree_ios_virtual_touristTests.swift in Sources */ = {isa = PBXBuildFile; fileRef = 594A53A52109530C00E52DD8 /* udacity_nanodegree_ios_virtual_touristTests.swift */; };
		594A53B12109530C00E52DD8 /* udacity_nanodegree_ios_virtual_touristUITests.swift in Sources */ = {isa = PBXBuildFile; fileRef = 594A53B02109530C00E52DD8 /* udacity_nanodegree_ios_virtual_touristUITests.swift */; };
		594A53C0210961B800E52DD8 /* MapView+Extenstions.swift in Sources */ = {isa = PBXBuildFile; fileRef = 594A53BF210961B800E52DD8 /* MapView+Extenstions.swift */; };
		594A53C221096B8700E52DD8 /* GalleryViewController.swift in Sources */ = {isa = PBXBuildFile; fileRef = 594A53C121096B8700E52DD8 /* GalleryViewController.swift */; };
		59D18EE4210AA8B1003388F1 /* FlickrAPIService.swift in Sources */ = {isa = PBXBuildFile; fileRef = 59D18EE3210AA8B1003388F1 /* FlickrAPIService.swift */; };
		59D18EE6210AB093003388F1 /* String+Extensions.swift in Sources */ = {isa = PBXBuildFile; fileRef = 59D18EE5210AB093003388F1 /* String+Extensions.swift */; };
		59D18EE8210AB7D3003388F1 /* FlickrImage.swift in Sources */ = {isa = PBXBuildFile; fileRef = 59D18EE7210AB7D3003388F1 /* FlickrImage.swift */; };
		59D18EEA210ABC8A003388F1 /* FlickrImageResponse.swift in Sources */ = {isa = PBXBuildFile; fileRef = 59D18EE9210ABC8A003388F1 /* FlickrImageResponse.swift */; };
		59F62170210A720300B4C31C /* ImageCustomCollectionCellView.swift in Sources */ = {isa = PBXBuildFile; fileRef = 59F6216F210A720300B4C31C /* ImageCustomCollectionCellView.swift */; };
		59F62173210A756400B4C31C /* UserPreferences.swift in Sources */ = {isa = PBXBuildFile; fileRef = 59F62172210A756400B4C31C /* UserPreferences.swift */; };
/* End PBXBuildFile section */

/* Begin PBXContainerItemProxy section */
		594A53A22109530C00E52DD8 /* PBXContainerItemProxy */ = {
			isa = PBXContainerItemProxy;
			containerPortal = 594A53852109530B00E52DD8 /* Project object */;
			proxyType = 1;
			remoteGlobalIDString = 594A538C2109530B00E52DD8;
			remoteInfo = udacity_nanodegree_ios_virtual_tourist;
		};
		594A53AD2109530C00E52DD8 /* PBXContainerItemProxy */ = {
			isa = PBXContainerItemProxy;
			containerPortal = 594A53852109530B00E52DD8 /* Project object */;
			proxyType = 1;
			remoteGlobalIDString = 594A538C2109530B00E52DD8;
			remoteInfo = udacity_nanodegree_ios_virtual_tourist;
		};
/* End PBXContainerItemProxy section */

/* Begin PBXFileReference section */
		591B2493210BB03A00B4045A /* DatabaseModel.xcdatamodel */ = {isa = PBXFileReference; lastKnownFileType = wrapper.xcdatamodel; path = DatabaseModel.xcdatamodel; sourceTree = "<group>"; };
		591B2497210BD4F600B4045A /* UIImageView+Extensions.swift */ = {isa = PBXFileReference; lastKnownFileType = sourcecode.swift; path = "UIImageView+Extensions.swift"; sourceTree = "<group>"; };
		591B2499210BDB2900B4045A /* DataController.swift */ = {isa = PBXFileReference; lastKnownFileType = sourcecode.swift; path = DataController.swift; sourceTree = "<group>"; };
		591B249B210BDD7800B4045A /* PinDatabase.swift */ = {isa = PBXFileReference; lastKnownFileType = sourcecode.swift; path = PinDatabase.swift; sourceTree = "<group>"; };
		591B249D210C109600B4045A /* Pin+Extensions.swift */ = {isa = PBXFileReference; lastKnownFileType = sourcecode.swift; path = "Pin+Extensions.swift"; sourceTree = "<group>"; };
		594A538D2109530B00E52DD8 /* udacity_nanodegree_ios_virtual_tourist.app */ = {isa = PBXFileReference; explicitFileType = wrapper.application; includeInIndex = 0; path = udacity_nanodegree_ios_virtual_tourist.app; sourceTree = BUILT_PRODUCTS_DIR; };
		594A53902109530B00E52DD8 /* AppDelegate.swift */ = {isa = PBXFileReference; lastKnownFileType = sourcecode.swift; path = AppDelegate.swift; sourceTree = "<group>"; };
		594A53922109530B00E52DD8 /* MapPinsViewController.swift */ = {isa = PBXFileReference; lastKnownFileType = sourcecode.swift; path = MapPinsViewController.swift; sourceTree = "<group>"; };
		594A53952109530B00E52DD8 /* Base */ = {isa = PBXFileReference; lastKnownFileType = file.storyboard; name = Base; path = Base.lproj/Main.storyboard; sourceTree = "<group>"; };
		594A53972109530C00E52DD8 /* Assets.xcassets */ = {isa = PBXFileReference; lastKnownFileType = folder.assetcatalog; path = Assets.xcassets; sourceTree = "<group>"; };
		594A539A2109530C00E52DD8 /* Base */ = {isa = PBXFileReference; lastKnownFileType = file.storyboard; name = Base; path = Base.lproj/LaunchScreen.storyboard; sourceTree = "<group>"; };
		594A539C2109530C00E52DD8 /* Info.plist */ = {isa = PBXFileReference; lastKnownFileType = text.plist.xml; path = Info.plist; sourceTree = "<group>"; };
		594A53A12109530C00E52DD8 /* udacity_nanodegree_ios_virtual_touristTests.xctest */ = {isa = PBXFileReference; explicitFileType = wrapper.cfbundle; includeInIndex = 0; path = udacity_nanodegree_ios_virtual_touristTests.xctest; sourceTree = BUILT_PRODUCTS_DIR; };
		594A53A52109530C00E52DD8 /* udacity_nanodegree_ios_virtual_touristTests.swift */ = {isa = PBXFileReference; lastKnownFileType = sourcecode.swift; path = udacity_nanodegree_ios_virtual_touristTests.swift; sourceTree = "<group>"; };
		594A53A72109530C00E52DD8 /* Info.plist */ = {isa = PBXFileReference; lastKnownFileType = text.plist.xml; path = Info.plist; sourceTree = "<group>"; };
		594A53AC2109530C00E52DD8 /* udacity_nanodegree_ios_virtual_touristUITests.xctest */ = {isa = PBXFileReference; explicitFileType = wrapper.cfbundle; includeInIndex = 0; path = udacity_nanodegree_ios_virtual_touristUITests.xctest; sourceTree = BUILT_PRODUCTS_DIR; };
		594A53B02109530C00E52DD8 /* udacity_nanodegree_ios_virtual_touristUITests.swift */ = {isa = PBXFileReference; lastKnownFileType = sourcecode.swift; path = udacity_nanodegree_ios_virtual_touristUITests.swift; sourceTree = "<group>"; };
		594A53B22109530C00E52DD8 /* Info.plist */ = {isa = PBXFileReference; lastKnownFileType = text.plist.xml; path = Info.plist; sourceTree = "<group>"; };
		594A53BF210961B800E52DD8 /* MapView+Extenstions.swift */ = {isa = PBXFileReference; lastKnownFileType = sourcecode.swift; path = "MapView+Extenstions.swift"; sourceTree = "<group>"; };
		594A53C121096B8700E52DD8 /* GalleryViewController.swift */ = {isa = PBXFileReference; lastKnownFileType = sourcecode.swift; path = GalleryViewController.swift; sourceTree = "<group>"; };
		59D18EE3210AA8B1003388F1 /* FlickrAPIService.swift */ = {isa = PBXFileReference; lastKnownFileType = sourcecode.swift; path = FlickrAPIService.swift; sourceTree = "<group>"; };
		59D18EE5210AB093003388F1 /* String+Extensions.swift */ = {isa = PBXFileReference; lastKnownFileType = sourcecode.swift; path = "String+Extensions.swift"; sourceTree = "<group>"; };
		59D18EE7210AB7D3003388F1 /* FlickrImage.swift */ = {isa = PBXFileReference; lastKnownFileType = sourcecode.swift; path = FlickrImage.swift; sourceTree = "<group>"; };
		59D18EE9210ABC8A003388F1 /* FlickrImageResponse.swift */ = {isa = PBXFileReference; lastKnownFileType = sourcecode.swift; path = FlickrImageResponse.swift; sourceTree = "<group>"; };
		59F6216F210A720300B4C31C /* ImageCustomCollectionCellView.swift */ = {isa = PBXFileReference; lastKnownFileType = sourcecode.swift; path = ImageCustomCollectionCellView.swift; sourceTree = "<group>"; };
		59F62172210A756400B4C31C /* UserPreferences.swift */ = {isa = PBXFileReference; lastKnownFileType = sourcecode.swift; path = UserPreferences.swift; sourceTree = "<group>"; };
/* End PBXFileReference section */

/* Begin PBXFrameworksBuildPhase section */
		594A538A2109530B00E52DD8 /* Frameworks */ = {
			isa = PBXFrameworksBuildPhase;
			buildActionMask = 2147483647;
			files = (
			);
			runOnlyForDeploymentPostprocessing = 0;
		};
		594A539E2109530C00E52DD8 /* Frameworks */ = {
			isa = PBXFrameworksBuildPhase;
			buildActionMask = 2147483647;
			files = (
			);
			runOnlyForDeploymentPostprocessing = 0;
		};
		594A53A92109530C00E52DD8 /* Frameworks */ = {
			isa = PBXFrameworksBuildPhase;
			buildActionMask = 2147483647;
			files = (
			);
			runOnlyForDeploymentPostprocessing = 0;
		};
/* End PBXFrameworksBuildPhase section */

/* Begin PBXGroup section */
		594A53842109530B00E52DD8 = {
			isa = PBXGroup;
			children = (
				594A538F2109530B00E52DD8 /* udacity_nanodegree_ios_virtual_tourist */,
				594A53A42109530C00E52DD8 /* udacity_nanodegree_ios_virtual_touristTests */,
				594A53AF2109530C00E52DD8 /* udacity_nanodegree_ios_virtual_touristUITests */,
				594A538E2109530B00E52DD8 /* Products */,
			);
			sourceTree = "<group>";
		};
		594A538E2109530B00E52DD8 /* Products */ = {
			isa = PBXGroup;
			children = (
				594A538D2109530B00E52DD8 /* udacity_nanodegree_ios_virtual_tourist.app */,
				594A53A12109530C00E52DD8 /* udacity_nanodegree_ios_virtual_touristTests.xctest */,
				594A53AC2109530C00E52DD8 /* udacity_nanodegree_ios_virtual_touristUITests.xctest */,
			);
			name = Products;
			sourceTree = "<group>";
		};
		594A538F2109530B00E52DD8 /* udacity_nanodegree_ios_virtual_tourist */ = {
			isa = PBXGroup;
			children = (
				59F6216D210A6FE600B4C31C /* Services */,
				59F6216C210A6FDA00B4C31C /* Model */,
				59F62169210A6F7300B4C31C /* View */,
				594A53BE210961A300E52DD8 /* Extensions */,
				594A53902109530B00E52DD8 /* AppDelegate.swift */,
				594A53972109530C00E52DD8 /* Assets.xcassets */,
				594A539C2109530C00E52DD8 /* Info.plist */,
			);
			path = udacity_nanodegree_ios_virtual_tourist;
			sourceTree = "<group>";
		};
		594A53A42109530C00E52DD8 /* udacity_nanodegree_ios_virtual_touristTests */ = {
			isa = PBXGroup;
			children = (
				594A53A52109530C00E52DD8 /* udacity_nanodegree_ios_virtual_touristTests.swift */,
				594A53A72109530C00E52DD8 /* Info.plist */,
			);
			path = udacity_nanodegree_ios_virtual_touristTests;
			sourceTree = "<group>";
		};
		594A53AF2109530C00E52DD8 /* udacity_nanodegree_ios_virtual_touristUITests */ = {
			isa = PBXGroup;
			children = (
				594A53B02109530C00E52DD8 /* udacity_nanodegree_ios_virtual_touristUITests.swift */,
				594A53B22109530C00E52DD8 /* Info.plist */,
			);
			path = udacity_nanodegree_ios_virtual_touristUITests;
			sourceTree = "<group>";
		};
		594A53BE210961A300E52DD8 /* Extensions */ = {
			isa = PBXGroup;
			children = (
				594A53BF210961B800E52DD8 /* MapView+Extenstions.swift */,
				59D18EE5210AB093003388F1 /* String+Extensions.swift */,
				591B2497210BD4F600B4045A /* UIImageView+Extensions.swift */,
				591B249D210C109600B4045A /* Pin+Extensions.swift */,
			);
			path = Extensions;
			sourceTree = "<group>";
		};
		59BDD746210BAB2A00C7E112 /* CoreData */ = {
			isa = PBXGroup;
			children = (
				591B2492210BB03A00B4045A /* DatabaseModel.xcdatamodeld */,
				591B2499210BDB2900B4045A /* DataController.swift */,
			);
			path = CoreData;
			sourceTree = "<group>";
		};
		59D18EE2210AA880003388F1 /* Http */ = {
			isa = PBXGroup;
			children = (
				59D18EE3210AA8B1003388F1 /* FlickrAPIService.swift */,
				59D18EE9210ABC8A003388F1 /* FlickrImageResponse.swift */,
			);
			path = Http;
			sourceTree = "<group>";
		};
		59F62169210A6F7300B4C31C /* View */ = {
			isa = PBXGroup;
			children = (
				59F6216E210A71DE00B4C31C /* CustomViews */,
				59F6216B210A6FAD00B4C31C /* Storyboards */,
				59F6216A210A6F7F00B4C31C /* ViewControllers */,
			);
			path = View;
			sourceTree = "<group>";
		};
		59F6216A210A6F7F00B4C31C /* ViewControllers */ = {
			isa = PBXGroup;
			children = (
				594A53922109530B00E52DD8 /* MapPinsViewController.swift */,
				594A53C121096B8700E52DD8 /* GalleryViewController.swift */,
			);
			path = ViewControllers;
			sourceTree = "<group>";
		};
		59F6216B210A6FAD00B4C31C /* Storyboards */ = {
			isa = PBXGroup;
			children = (
				594A53942109530B00E52DD8 /* Main.storyboard */,
				594A53992109530C00E52DD8 /* LaunchScreen.storyboard */,
			);
			path = Storyboards;
			sourceTree = "<group>";
		};
		59F6216C210A6FDA00B4C31C /* Model */ = {
			isa = PBXGroup;
			children = (
				59BDD746210BAB2A00C7E112 /* CoreData */,
				59D18EE7210AB7D3003388F1 /* FlickrImage.swift */,
			);
			path = Model;
			sourceTree = "<group>";
		};
		59F6216D210A6FE600B4C31C /* Services */ = {
			isa = PBXGroup;
			children = (
				59D18EE2210AA880003388F1 /* Http */,
				59F62171210A754600B4C31C /* Persistence */,
			);
			path = Services;
			sourceTree = "<group>";
		};
		59F6216E210A71DE00B4C31C /* CustomViews */ = {
			isa = PBXGroup;
			children = (
				59F6216F210A720300B4C31C /* ImageCustomCollectionCellView.swift */,
			);
			path = CustomViews;
			sourceTree = "<group>";
		};
		59F62171210A754600B4C31C /* Persistence */ = {
			isa = PBXGroup;
			children = (
				59F62172210A756400B4C31C /* UserPreferences.swift */,
				591B249B210BDD7800B4045A /* PinDatabase.swift */,
			);
			path = Persistence;
			sourceTree = "<group>";
		};
/* End PBXGroup section */

/* Begin PBXNativeTarget section */
		594A538C2109530B00E52DD8 /* udacity_nanodegree_ios_virtual_tourist */ = {
			isa = PBXNativeTarget;
			buildConfigurationList = 594A53B52109530C00E52DD8 /* Build configuration list for PBXNativeTarget "udacity_nanodegree_ios_virtual_tourist" */;
			buildPhases = (
				594A53892109530B00E52DD8 /* Sources */,
				594A538A2109530B00E52DD8 /* Frameworks */,
				594A538B2109530B00E52DD8 /* Resources */,
			);
			buildRules = (
			);
			dependencies = (
			);
			name = udacity_nanodegree_ios_virtual_tourist;
			productName = udacity_nanodegree_ios_virtual_tourist;
			productReference = 594A538D2109530B00E52DD8 /* udacity_nanodegree_ios_virtual_tourist.app */;
			productType = "com.apple.product-type.application";
		};
		594A53A02109530C00E52DD8 /* udacity_nanodegree_ios_virtual_touristTests */ = {
			isa = PBXNativeTarget;
			buildConfigurationList = 594A53B82109530C00E52DD8 /* Build configuration list for PBXNativeTarget "udacity_nanodegree_ios_virtual_touristTests" */;
			buildPhases = (
				594A539D2109530C00E52DD8 /* Sources */,
				594A539E2109530C00E52DD8 /* Frameworks */,
				594A539F2109530C00E52DD8 /* Resources */,
			);
			buildRules = (
			);
			dependencies = (
				594A53A32109530C00E52DD8 /* PBXTargetDependency */,
			);
			name = udacity_nanodegree_ios_virtual_touristTests;
			productName = udacity_nanodegree_ios_virtual_touristTests;
			productReference = 594A53A12109530C00E52DD8 /* udacity_nanodegree_ios_virtual_touristTests.xctest */;
			productType = "com.apple.product-type.bundle.unit-test";
		};
		594A53AB2109530C00E52DD8 /* udacity_nanodegree_ios_virtual_touristUITests */ = {
			isa = PBXNativeTarget;
			buildConfigurationList = 594A53BB2109530C00E52DD8 /* Build configuration list for PBXNativeTarget "udacity_nanodegree_ios_virtual_touristUITests" */;
			buildPhases = (
				594A53A82109530C00E52DD8 /* Sources */,
				594A53A92109530C00E52DD8 /* Frameworks */,
				594A53AA2109530C00E52DD8 /* Resources */,
			);
			buildRules = (
			);
			dependencies = (
				594A53AE2109530C00E52DD8 /* PBXTargetDependency */,
			);
			name = udacity_nanodegree_ios_virtual_touristUITests;
			productName = udacity_nanodegree_ios_virtual_touristUITests;
			productReference = 594A53AC2109530C00E52DD8 /* udacity_nanodegree_ios_virtual_touristUITests.xctest */;
			productType = "com.apple.product-type.bundle.ui-testing";
		};
/* End PBXNativeTarget section */

/* Begin PBXProject section */
		594A53852109530B00E52DD8 /* Project object */ = {
			isa = PBXProject;
			attributes = {
				LastSwiftUpdateCheck = 0940;
				LastUpgradeCheck = 0940;
				ORGANIZATIONNAME = "Eduardo Soares";
				TargetAttributes = {
					594A538C2109530B00E52DD8 = {
						CreatedOnToolsVersion = 9.4.1;
					};
					594A53A02109530C00E52DD8 = {
						CreatedOnToolsVersion = 9.4.1;
						TestTargetID = 594A538C2109530B00E52DD8;
					};
					594A53AB2109530C00E52DD8 = {
						CreatedOnToolsVersion = 9.4.1;
						TestTargetID = 594A538C2109530B00E52DD8;
					};
				};
			};
			buildConfigurationList = 594A53882109530B00E52DD8 /* Build configuration list for PBXProject "udacity_nanodegree_ios_virtual_tourist" */;
			compatibilityVersion = "Xcode 9.3";
			developmentRegion = en;
			hasScannedForEncodings = 0;
			knownRegions = (
				en,
				Base,
			);
			mainGroup = 594A53842109530B00E52DD8;
			productRefGroup = 594A538E2109530B00E52DD8 /* Products */;
			projectDirPath = "";
			projectRoot = "";
			targets = (
				594A538C2109530B00E52DD8 /* udacity_nanodegree_ios_virtual_tourist */,
				594A53A02109530C00E52DD8 /* udacity_nanodegree_ios_virtual_touristTests */,
				594A53AB2109530C00E52DD8 /* udacity_nanodegree_ios_virtual_touristUITests */,
			);
		};
/* End PBXProject section */

/* Begin PBXResourcesBuildPhase section */
		594A538B2109530B00E52DD8 /* Resources */ = {
			isa = PBXResourcesBuildPhase;
			buildActionMask = 2147483647;
			files = (
				594A539B2109530C00E52DD8 /* LaunchScreen.storyboard in Resources */,
				594A53982109530C00E52DD8 /* Assets.xcassets in Resources */,
				594A53962109530B00E52DD8 /* Main.storyboard in Resources */,
			);
			runOnlyForDeploymentPostprocessing = 0;
		};
		594A539F2109530C00E52DD8 /* Resources */ = {
			isa = PBXResourcesBuildPhase;
			buildActionMask = 2147483647;
			files = (
			);
			runOnlyForDeploymentPostprocessing = 0;
		};
		594A53AA2109530C00E52DD8 /* Resources */ = {
			isa = PBXResourcesBuildPhase;
			buildActionMask = 2147483647;
			files = (
			);
			runOnlyForDeploymentPostprocessing = 0;
		};
/* End PBXResourcesBuildPhase section */

/* Begin PBXSourcesBuildPhase section */
		594A53892109530B00E52DD8 /* Sources */ = {
			isa = PBXSourcesBuildPhase;
			buildActionMask = 2147483647;
			files = (
				591B2498210BD4F600B4045A /* UIImageView+Extensions.swift in Sources */,
				591B2494210BB03A00B4045A /* DatabaseModel.xcdatamodeld in Sources */,
				59D18EE4210AA8B1003388F1 /* FlickrAPIService.swift in Sources */,
				59D18EEA210ABC8A003388F1 /* FlickrImageResponse.swift in Sources */,
				594A53932109530B00E52DD8 /* MapPinsViewController.swift in Sources */,
				59D18EE8210AB7D3003388F1 /* FlickrImage.swift in Sources */,
				59F62173210A756400B4C31C /* UserPreferences.swift in Sources */,
				594A53C221096B8700E52DD8 /* GalleryViewController.swift in Sources */,
				591B249E210C109600B4045A /* Pin+Extensions.swift in Sources */,
				59D18EE6210AB093003388F1 /* String+Extensions.swift in Sources */,
				594A53C0210961B800E52DD8 /* MapView+Extenstions.swift in Sources */,
				594A53912109530B00E52DD8 /* AppDelegate.swift in Sources */,
				591B249A210BDB2900B4045A /* DataController.swift in Sources */,
				591B249C210BDD7800B4045A /* PinDatabase.swift in Sources */,
				59F62170210A720300B4C31C /* ImageCustomCollectionCellView.swift in Sources */,
			);
			runOnlyForDeploymentPostprocessing = 0;
		};
		594A539D2109530C00E52DD8 /* Sources */ = {
			isa = PBXSourcesBuildPhase;
			buildActionMask = 2147483647;
			files = (
				594A53A62109530C00E52DD8 /* udacity_nanodegree_ios_virtual_touristTests.swift in Sources */,
			);
			runOnlyForDeploymentPostprocessing = 0;
		};
		594A53A82109530C00E52DD8 /* Sources */ = {
			isa = PBXSourcesBuildPhase;
			buildActionMask = 2147483647;
			files = (
				594A53B12109530C00E52DD8 /* udacity_nanodegree_ios_virtual_touristUITests.swift in Sources */,
			);
			runOnlyForDeploymentPostprocessing = 0;
		};
/* End PBXSourcesBuildPhase section */

/* Begin PBXTargetDependency section */
		594A53A32109530C00E52DD8 /* PBXTargetDependency */ = {
			isa = PBXTargetDependency;
			target = 594A538C2109530B00E52DD8 /* udacity_nanodegree_ios_virtual_tourist */;
			targetProxy = 594A53A22109530C00E52DD8 /* PBXContainerItemProxy */;
		};
		594A53AE2109530C00E52DD8 /* PBXTargetDependency */ = {
			isa = PBXTargetDependency;
			target = 594A538C2109530B00E52DD8 /* udacity_nanodegree_ios_virtual_tourist */;
			targetProxy = 594A53AD2109530C00E52DD8 /* PBXContainerItemProxy */;
		};
/* End PBXTargetDependency section */

/* Begin PBXVariantGroup section */
		594A53942109530B00E52DD8 /* Main.storyboard */ = {
			isa = PBXVariantGroup;
			children = (
				594A53952109530B00E52DD8 /* Base */,
			);
			name = Main.storyboard;
			sourceTree = "<group>";
		};
		594A53992109530C00E52DD8 /* LaunchScreen.storyboard */ = {
			isa = PBXVariantGroup;
			children = (
				594A539A2109530C00E52DD8 /* Base */,
			);
			name = LaunchScreen.storyboard;
			sourceTree = "<group>";
		};
/* End PBXVariantGroup section */

/* Begin XCBuildConfiguration section */
		594A53B32109530C00E52DD8 /* Debug */ = {
			isa = XCBuildConfiguration;
			buildSettings = {
				ALWAYS_SEARCH_USER_PATHS = NO;
				CLANG_ANALYZER_NONNULL = YES;
				CLANG_ANALYZER_NUMBER_OBJECT_CONVERSION = YES_AGGRESSIVE;
				CLANG_CXX_LANGUAGE_STANDARD = "gnu++14";
				CLANG_CXX_LIBRARY = "libc++";
				CLANG_ENABLE_MODULES = YES;
				CLANG_ENABLE_OBJC_ARC = YES;
				CLANG_ENABLE_OBJC_WEAK = YES;
				CLANG_WARN_BLOCK_CAPTURE_AUTORELEASING = YES;
				CLANG_WARN_BOOL_CONVERSION = YES;
				CLANG_WARN_COMMA = YES;
				CLANG_WARN_CONSTANT_CONVERSION = YES;
				CLANG_WARN_DEPRECATED_OBJC_IMPLEMENTATIONS = YES;
				CLANG_WARN_DIRECT_OBJC_ISA_USAGE = YES_ERROR;
				CLANG_WARN_DOCUMENTATION_COMMENTS = YES;
				CLANG_WARN_EMPTY_BODY = YES;
				CLANG_WARN_ENUM_CONVERSION = YES;
				CLANG_WARN_INFINITE_RECURSION = YES;
				CLANG_WARN_INT_CONVERSION = YES;
				CLANG_WARN_NON_LITERAL_NULL_CONVERSION = YES;
				CLANG_WARN_OBJC_IMPLICIT_RETAIN_SELF = YES;
				CLANG_WARN_OBJC_LITERAL_CONVERSION = YES;
				CLANG_WARN_OBJC_ROOT_CLASS = YES_ERROR;
				CLANG_WARN_RANGE_LOOP_ANALYSIS = YES;
				CLANG_WARN_STRICT_PROTOTYPES = YES;
				CLANG_WARN_SUSPICIOUS_MOVE = YES;
				CLANG_WARN_UNGUARDED_AVAILABILITY = YES_AGGRESSIVE;
				CLANG_WARN_UNREACHABLE_CODE = YES;
				CLANG_WARN__DUPLICATE_METHOD_MATCH = YES;
				CODE_SIGN_IDENTITY = "iPhone Developer";
				COPY_PHASE_STRIP = NO;
				DEBUG_INFORMATION_FORMAT = dwarf;
				ENABLE_STRICT_OBJC_MSGSEND = YES;
				ENABLE_TESTABILITY = YES;
				GCC_C_LANGUAGE_STANDARD = gnu11;
				GCC_DYNAMIC_NO_PIC = NO;
				GCC_NO_COMMON_BLOCKS = YES;
				GCC_OPTIMIZATION_LEVEL = 0;
				GCC_PREPROCESSOR_DEFINITIONS = (
					"DEBUG=1",
					"$(inherited)",
				);
				GCC_WARN_64_TO_32_BIT_CONVERSION = YES;
				GCC_WARN_ABOUT_RETURN_TYPE = YES_ERROR;
				GCC_WARN_UNDECLARED_SELECTOR = YES;
				GCC_WARN_UNINITIALIZED_AUTOS = YES_AGGRESSIVE;
				GCC_WARN_UNUSED_FUNCTION = YES;
				GCC_WARN_UNUSED_VARIABLE = YES;
				IPHONEOS_DEPLOYMENT_TARGET = 11.4;
				MTL_ENABLE_DEBUG_INFO = YES;
				ONLY_ACTIVE_ARCH = YES;
				SDKROOT = iphoneos;
				SWIFT_ACTIVE_COMPILATION_CONDITIONS = DEBUG;
				SWIFT_OPTIMIZATION_LEVEL = "-Onone";
			};
			name = Debug;
		};
		594A53B42109530C00E52DD8 /* Release */ = {
			isa = XCBuildConfiguration;
			buildSettings = {
				ALWAYS_SEARCH_USER_PATHS = NO;
				CLANG_ANALYZER_NONNULL = YES;
				CLANG_ANALYZER_NUMBER_OBJECT_CONVERSION = YES_AGGRESSIVE;
				CLANG_CXX_LANGUAGE_STANDARD = "gnu++14";
				CLANG_CXX_LIBRARY = "libc++";
				CLANG_ENABLE_MODULES = YES;
				CLANG_ENABLE_OBJC_ARC = YES;
				CLANG_ENABLE_OBJC_WEAK = YES;
				CLANG_WARN_BLOCK_CAPTURE_AUTORELEASING = YES;
				CLANG_WARN_BOOL_CONVERSION = YES;
				CLANG_WARN_COMMA = YES;
				CLANG_WARN_CONSTANT_CONVERSION = YES;
				CLANG_WARN_DEPRECATED_OBJC_IMPLEMENTATIONS = YES;
				CLANG_WARN_DIRECT_OBJC_ISA_USAGE = YES_ERROR;
				CLANG_WARN_DOCUMENTATION_COMMENTS = YES;
				CLANG_WARN_EMPTY_BODY = YES;
				CLANG_WARN_ENUM_CONVERSION = YES;
				CLANG_WARN_INFINITE_RECURSION = YES;
				CLANG_WARN_INT_CONVERSION = YES;
				CLANG_WARN_NON_LITERAL_NULL_CONVERSION = YES;
				CLANG_WARN_OBJC_IMPLICIT_RETAIN_SELF = YES;
				CLANG_WARN_OBJC_LITERAL_CONVERSION = YES;
				CLANG_WARN_OBJC_ROOT_CLASS = YES_ERROR;
				CLANG_WARN_RANGE_LOOP_ANALYSIS = YES;
				CLANG_WARN_STRICT_PROTOTYPES = YES;
				CLANG_WARN_SUSPICIOUS_MOVE = YES;
				CLANG_WARN_UNGUARDED_AVAILABILITY = YES_AGGRESSIVE;
				CLANG_WARN_UNREACHABLE_CODE = YES;
				CLANG_WARN__DUPLICATE_METHOD_MATCH = YES;
				CODE_SIGN_IDENTITY = "iPhone Developer";
				COPY_PHASE_STRIP = NO;
				DEBUG_INFORMATION_FORMAT = "dwarf-with-dsym";
				ENABLE_NS_ASSERTIONS = NO;
				ENABLE_STRICT_OBJC_MSGSEND = YES;
				GCC_C_LANGUAGE_STANDARD = gnu11;
				GCC_NO_COMMON_BLOCKS = YES;
				GCC_WARN_64_TO_32_BIT_CONVERSION = YES;
				GCC_WARN_ABOUT_RETURN_TYPE = YES_ERROR;
				GCC_WARN_UNDECLARED_SELECTOR = YES;
				GCC_WARN_UNINITIALIZED_AUTOS = YES_AGGRESSIVE;
				GCC_WARN_UNUSED_FUNCTION = YES;
				GCC_WARN_UNUSED_VARIABLE = YES;
				IPHONEOS_DEPLOYMENT_TARGET = 11.4;
				MTL_ENABLE_DEBUG_INFO = NO;
				SDKROOT = iphoneos;
				SWIFT_COMPILATION_MODE = wholemodule;
				SWIFT_OPTIMIZATION_LEVEL = "-O";
				VALIDATE_PRODUCT = YES;
			};
			name = Release;
		};
		594A53B62109530C00E52DD8 /* Debug */ = {
			isa = XCBuildConfiguration;
			buildSettings = {
				ASSETCATALOG_COMPILER_APPICON_NAME = AppIcon;
				CODE_SIGN_STYLE = Automatic;
				DEVELOPMENT_TEAM = V4NA9Y9BKW;
				INFOPLIST_FILE = udacity_nanodegree_ios_virtual_tourist/Info.plist;
				LD_RUNPATH_SEARCH_PATHS = (
					"$(inherited)",
					"@executable_path/Frameworks",
				);
				PRODUCT_BUNDLE_IDENTIFIER = "br.com.apps.esampaio.udacity-nanodegree-ios-virtual-tourist";
				PRODUCT_NAME = "$(TARGET_NAME)";
				SWIFT_VERSION = 4.0;
				TARGETED_DEVICE_FAMILY = "1,2";
			};
			name = Debug;
		};
		594A53B72109530C00E52DD8 /* Release */ = {
			isa = XCBuildConfiguration;
			buildSettings = {
				ASSETCATALOG_COMPILER_APPICON_NAME = AppIcon;
				CODE_SIGN_STYLE = Automatic;
				DEVELOPMENT_TEAM = V4NA9Y9BKW;
				INFOPLIST_FILE = udacity_nanodegree_ios_virtual_tourist/Info.plist;
				LD_RUNPATH_SEARCH_PATHS = (
					"$(inherited)",
					"@executable_path/Frameworks",
				);
				PRODUCT_BUNDLE_IDENTIFIER = "br.com.apps.esampaio.udacity-nanodegree-ios-virtual-tourist";
				PRODUCT_NAME = "$(TARGET_NAME)";
				SWIFT_VERSION = 4.0;
				TARGETED_DEVICE_FAMILY = "1,2";
			};
			name = Release;
		};
		594A53B92109530C00E52DD8 /* Debug */ = {
			isa = XCBuildConfiguration;
			buildSettings = {
				ALWAYS_EMBED_SWIFT_STANDARD_LIBRARIES = YES;
				BUNDLE_LOADER = "$(TEST_HOST)";
				CODE_SIGN_STYLE = Automatic;
				INFOPLIST_FILE = udacity_nanodegree_ios_virtual_touristTests/Info.plist;
				LD_RUNPATH_SEARCH_PATHS = (
					"$(inherited)",
					"@executable_path/Frameworks",
					"@loader_path/Frameworks",
				);
				PRODUCT_BUNDLE_IDENTIFIER = "br.com.apps.esampaio.udacity-nanodegree-ios-virtual-touristTests";
				PRODUCT_NAME = "$(TARGET_NAME)";
				SWIFT_VERSION = 4.0;
				TARGETED_DEVICE_FAMILY = "1,2";
				TEST_HOST = "$(BUILT_PRODUCTS_DIR)/udacity_nanodegree_ios_virtual_tourist.app/udacity_nanodegree_ios_virtual_tourist";
			};
			name = Debug;
		};
		594A53BA2109530C00E52DD8 /* Release */ = {
			isa = XCBuildConfiguration;
			buildSettings = {
				ALWAYS_EMBED_SWIFT_STANDARD_LIBRARIES = YES;
				BUNDLE_LOADER = "$(TEST_HOST)";
				CODE_SIGN_STYLE = Automatic;
				INFOPLIST_FILE = udacity_nanodegree_ios_virtual_touristTests/Info.plist;
				LD_RUNPATH_SEARCH_PATHS = (
					"$(inherited)",
					"@executable_path/Frameworks",
					"@loader_path/Frameworks",
				);
				PRODUCT_BUNDLE_IDENTIFIER = "br.com.apps.esampaio.udacity-nanodegree-ios-virtual-touristTests";
				PRODUCT_NAME = "$(TARGET_NAME)";
				SWIFT_VERSION = 4.0;
				TARGETED_DEVICE_FAMILY = "1,2";
				TEST_HOST = "$(BUILT_PRODUCTS_DIR)/udacity_nanodegree_ios_virtual_tourist.app/udacity_nanodegree_ios_virtual_tourist";
			};
			name = Release;
		};
		594A53BC2109530C00E52DD8 /* Debug */ = {
			isa = XCBuildConfiguration;
			buildSettings = {
				ALWAYS_EMBED_SWIFT_STANDARD_LIBRARIES = YES;
				CODE_SIGN_STYLE = Automatic;
				INFOPLIST_FILE = udacity_nanodegree_ios_virtual_touristUITests/Info.plist;
				LD_RUNPATH_SEARCH_PATHS = (
					"$(inherited)",
					"@executable_path/Frameworks",
					"@loader_path/Frameworks",
				);
				PRODUCT_BUNDLE_IDENTIFIER = "br.com.apps.esampaio.udacity-nanodegree-ios-virtual-touristUITests";
				PRODUCT_NAME = "$(TARGET_NAME)";
				SWIFT_VERSION = 4.0;
				TARGETED_DEVICE_FAMILY = "1,2";
				TEST_TARGET_NAME = udacity_nanodegree_ios_virtual_tourist;
			};
			name = Debug;
		};
		594A53BD2109530C00E52DD8 /* Release */ = {
			isa = XCBuildConfiguration;
			buildSettings = {
				ALWAYS_EMBED_SWIFT_STANDARD_LIBRARIES = YES;
				CODE_SIGN_STYLE = Automatic;
				INFOPLIST_FILE = udacity_nanodegree_ios_virtual_touristUITests/Info.plist;
				LD_RUNPATH_SEARCH_PATHS = (
					"$(inherited)",
					"@executable_path/Frameworks",
					"@loader_path/Frameworks",
				);
				PRODUCT_BUNDLE_IDENTIFIER = "br.com.apps.esampaio.udacity-nanodegree-ios-virtual-touristUITests";
				PRODUCT_NAME = "$(TARGET_NAME)";
				SWIFT_VERSION = 4.0;
				TARGETED_DEVICE_FAMILY = "1,2";
				TEST_TARGET_NAME = udacity_nanodegree_ios_virtual_tourist;
			};
			name = Release;
		};
/* End XCBuildConfiguration section */

/* Begin XCConfigurationList section */
		594A53882109530B00E52DD8 /* Build configuration list for PBXProject "udacity_nanodegree_ios_virtual_tourist" */ = {
			isa = XCConfigurationList;
			buildConfigurations = (
				594A53B32109530C00E52DD8 /* Debug */,
				594A53B42109530C00E52DD8 /* Release */,
			);
			defaultConfigurationIsVisible = 0;
			defaultConfigurationName = Release;
		};
		594A53B52109530C00E52DD8 /* Build configuration list for PBXNativeTarget "udacity_nanodegree_ios_virtual_tourist" */ = {
			isa = XCConfigurationList;
			buildConfigurations = (
				594A53B62109530C00E52DD8 /* Debug */,
				594A53B72109530C00E52DD8 /* Release */,
			);
			defaultConfigurationIsVisible = 0;
			defaultConfigurationName = Release;
		};
		594A53B82109530C00E52DD8 /* Build configuration list for PBXNativeTarget "udacity_nanodegree_ios_virtual_touristTests" */ = {
			isa = XCConfigurationList;
			buildConfigurations = (
				594A53B92109530C00E52DD8 /* Debug */,
				594A53BA2109530C00E52DD8 /* Release */,
			);
			defaultConfigurationIsVisible = 0;
			defaultConfigurationName = Release;
		};
		594A53BB2109530C00E52DD8 /* Build configuration list for PBXNativeTarget "udacity_nanodegree_ios_virtual_touristUITests" */ = {
			isa = XCConfigurationList;
			buildConfigurations = (
				594A53BC2109530C00E52DD8 /* Debug */,
				594A53BD2109530C00E52DD8 /* Release */,
			);
			defaultConfigurationIsVisible = 0;
			defaultConfigurationName = Release;
		};
/* End XCConfigurationList section */

/* Begin XCVersionGroup section */
		591B2492210BB03A00B4045A /* DatabaseModel.xcdatamodeld */ = {
			isa = XCVersionGroup;
			children = (
				591B2493210BB03A00B4045A /* DatabaseModel.xcdatamodel */,
			);
			currentVersion = 591B2493210BB03A00B4045A /* DatabaseModel.xcdatamodel */;
			path = DatabaseModel.xcdatamodeld;
			sourceTree = "<group>";
			versionGroupType = wrapper.xcdatamodel;
		};
/* End XCVersionGroup section */
	};
	rootObject = 594A53852109530B00E52DD8 /* Project object */;
}
